Microsoft Visual Studio Solution File, Format Version 12.00
# Visual Studio 2012
Project("{FAE04EC0-301F-11D3-BF4B-00C04F79EFBC}") = "Crystal", "Crystal.csproj", "{AEF7855E-C299-421D-907E-262A3D7D0716}"
EndProject
Global
	GlobalSection(SolutionConfigurationPlatforms) = preSolution
	Debug|Any CPU = Debug|Any CPU
	ExportDebug|Any CPU = ExportDebug|Any CPU
	ExportRelease|Any CPU = ExportRelease|Any CPU
	EndGlobalSection
	GlobalSection(ProjectConfigurationPlatforms) = postSolution
		{AEF7855E-C299-421D-907E-262A3D7D0716}.Debug|Any CPU.ActiveCfg = Debug|Any CPU
		{AEF7855E-C299-421D-907E-262A3D7D0716}.Debug|Any CPU.Build.0 = Debug|Any CPU
		{AEF7855E-C299-421D-907E-262A3D7D0716}.ExportDebug|Any CPU.ActiveCfg = ExportDebug|Any CPU
		{AEF7855E-C299-421D-907E-262A3D7D0716}.ExportDebug|Any CPU.Build.0 = ExportDebug|Any CPU
		{AEF7855E-C299-421D-907E-262A3D7D0716}.ExportRelease|Any CPU.ActiveCfg = ExportRelease|Any CPU
		{AEF7855E-C299-421D-907E-262A3D7D0716}.ExportRelease|Any CPU.Build.0 = ExportRelease|Any CPU
	EndGlobalSection
EndGlobal
